
Microsoft Visual Studio Solution File, Format Version 12.00
# Visual Studio Version 16
VisualStudioVersion = 16.0.29009.5
MinimumVisualStudioVersion = 10.0.40219.1
Project("{9A19103F-16F7-4668-BE54-9A1E7A4F7556}") = "nms-openwire", "src\nms-openwire.csproj", "{039BDF35-7466-4AD6-A487-460DAA279CDE}"
EndProject
Project("{9A19103F-16F7-4668-BE54-9A1E7A4F7556}") = "nms-openwire-test", "test\nms-openwire-test.csproj", "{D4034BFD-21F1-4836-B0A0-1C4161AB0110}"
EndProject
Project("{2150E333-8FDC-42A3-9474-1A3956D46DE8}") = "build", "build", "{A3B1E8EF-F189-4DF4-8531-4C37128AA3C3}"
	ProjectSection(SolutionItems) = preProject
	    Directory.Build.props = Directory.Build.props
		LICENSE.txt = LICENSE.txt
		RELEASE.md = RELEASE.md
		README.md = README.md
		NOTICE.txt = NOTICE.txt
		docker-compose.yml = docker-compose.yml
		.github\workflows\build.yml = .github\workflows\build.yml
		.editorconfig = .editorconfig
	EndProjectSection
EndProject
Global
	GlobalSection(SolutionConfigurationPlatforms) = preSolution
		Debug|Any CPU = Debug|Any CPU
		Release|Any CPU = Release|Any CPU
	EndGlobalSection
	GlobalSection(ProjectConfigurationPlatforms) = postSolution
		{039BDF35-7466-4AD6-A487-460DAA279CDE}.Debug|Any CPU.ActiveCfg = Debug|Any CPU
		{039BDF35-7466-4AD6-A487-460DAA279CDE}.Debug|Any CPU.Build.0 = Debug|Any CPU
		{039BDF35-7466-4AD6-A487-460DAA279CDE}.Release|Any CPU.ActiveCfg = Release|Any CPU
		{039BDF35-7466-4AD6-A487-460DAA279CDE}.Release|Any CPU.Build.0 = Release|Any CPU
		{D4034BFD-21F1-4836-B0A0-1C4161AB0110}.Debug|Any CPU.ActiveCfg = Debug|Any CPU
		{D4034BFD-21F1-4836-B0A0-1C4161AB0110}.Debug|Any CPU.Build.0 = Debug|Any CPU
		{D4034BFD-21F1-4836-B0A0-1C4161AB0110}.Release|Any CPU.ActiveCfg = Release|Any CPU
		{D4034BFD-21F1-4836-B0A0-1C4161AB0110}.Release|Any CPU.Build.0 = Release|Any CPU
	EndGlobalSection
	GlobalSection(SolutionProperties) = preSolution
		HideSolutionNode = FALSE
	EndGlobalSection
	GlobalSection(ExtensibilityGlobals) = postSolution
		SolutionGuid = {52BEA1C3-F7CA-46DA-9FF3-8257391C258C}
	EndGlobalSection
EndGlobal
